// !$*UTF8*$!
{
	archiveVersion = 1;
	classes = {
	};
	objectVersion = 56;
	objects = {

/* Begin PBXBuildFile section */
		CE04128328D216D60042ECB5 /* GlobalVariables.swift in Sources */ = {isa = PBXBuildFile; fileRef = CE04128228D216D60042ECB5 /* GlobalVariables.swift */; };
		CE176A3028D11CA900476609 /* AlertFunction.swift in Sources */ = {isa = PBXBuildFile; fileRef = CE176A2F28D11CA900476609 /* AlertFunction.swift */; };
		CE90795F28D0A94100DDD51F /* AppDelegate.swift in Sources */ = {isa = PBXBuildFile; fileRef = CE90795E28D0A94100DDD51F /* AppDelegate.swift */; };
		CE90796128D0A94100DDD51F /* SceneDelegate.swift in Sources */ = {isa = PBXBuildFile; fileRef = CE90796028D0A94100DDD51F /* SceneDelegate.swift */; };
		CE90796328D0A94100DDD51F /* MainViewController.swift in Sources */ = {isa = PBXBuildFile; fileRef = CE90796228D0A94100DDD51F /* MainViewController.swift */; };
		CE90796628D0A94100DDD51F /* Main.storyboard in Resources */ = {isa = PBXBuildFile; fileRef = CE90796428D0A94100DDD51F /* Main.storyboard */; };
		CE90796828D0A94300DDD51F /* Assets.xcassets in Resources */ = {isa = PBXBuildFile; fileRef = CE90796728D0A94300DDD51F /* Assets.xcassets */; };
		CE90796B28D0A94300DDD51F /* LaunchScreen.storyboard in Resources */ = {isa = PBXBuildFile; fileRef = CE90796928D0A94300DDD51F /* LaunchScreen.storyboard */; };
/* End PBXBuildFile section */

/* Begin PBXFileReference section */
		CE04128228D216D60042ECB5 /* GlobalVariables.swift */ = {isa = PBXFileReference; lastKnownFileType = sourcecode.swift; path = GlobalVariables.swift; sourceTree = "<group>"; };
		CE176A2F28D11CA900476609 /* AlertFunction.swift */ = {isa = PBXFileReference; lastKnownFileType = sourcecode.swift; path = AlertFunction.swift; sourceTree = "<group>"; };
		CE90795B28D0A94100DDD51F /* DataSaving Practice.app */ = {isa = PBXFileReference; explicitFileType = wrapper.application; includeInIndex = 0; path = "DataSaving Practice.app"; sourceTree = BUILT_PRODUCTS_DIR; };
		CE90795E28D0A94100DDD51F /* AppDelegate.swift */ = {isa = PBXFileReference; lastKnownFileType = sourcecode.swift; path = AppDelegate.swift; sourceTree = "<group>"; };
		CE90796028D0A94100DDD51F /* SceneDelegate.swift */ = {isa = PBXFileReference; lastKnownFileType = sourcecode.swift; path = SceneDelegate.swift; sourceTree = "<group>"; };
		CE90796228D0A94100DDD51F /* MainViewController.swift */ = {isa = PBXFileReference; lastKnownFileType = sourcecode.swift; path = MainViewController.swift; sourceTree = "<group>"; };
		CE90796528D0A94100DDD51F /* Base */ = {isa = PBXFileReference; lastKnownFileType = file.storyboard; name = Base; path = Base.lproj/Main.storyboard; sourceTree = "<group>"; };
		CE90796728D0A94300DDD51F /* Assets.xcassets */ = {isa = PBXFileReference; lastKnownFileType = folder.assetcatalog; path = Assets.xcassets; sourceTree = "<group>"; };
		CE90796A28D0A94300DDD51F /* Base */ = {isa = PBXFileReference; lastKnownFileType = file.storyboard; name = Base; path = Base.lproj/LaunchScreen.storyboard; sourceTree = "<group>"; };
		CE90796C28D0A94300DDD51F /* Info.plist */ = {isa = PBXFileReference; lastKnownFileType = text.plist.xml; path = Info.plist; sourceTree = "<group>"; };
/* End PBXFileReference section */

/* Begin PBXFrameworksBuildPhase section */
		CE90795828D0A94100DDD51F /* Frameworks */ = {
			isa = PBXFrameworksBuildPhase;
			buildActionMask = 2147483647;
			files = (
			);
			runOnlyForDeploymentPostprocessing = 0;
		};
/* End PBXFrameworksBuildPhase section */

/* Begin PBXGroup section */
		CE04127F28D216850042ECB5 /* Models */ = {
			isa = PBXGroup;
			children = (
				CE176A2F28D11CA900476609 /* AlertFunction.swift */,
				CE04128228D216D60042ECB5 /* GlobalVariables.swift */,
			);
			path = Models;
			sourceTree = "<group>";
		};
		CE04128028D2168C0042ECB5 /* Views */ = {
			isa = PBXGroup;
			children = (
				CE90796428D0A94100DDD51F /* Main.storyboard */,
			);
			path = Views;
			sourceTree = "<group>";
		};
		CE04128128D2169A0042ECB5 /* Controllers */ = {
			isa = PBXGroup;
			children = (
				CE90796228D0A94100DDD51F /* MainViewController.swift */,
			);
			path = Controllers;
			sourceTree = "<group>";
		};
		CE90795228D0A94100DDD51F = {
			isa = PBXGroup;
			children = (
				CE90795D28D0A94100DDD51F /* DataSaving Practice */,
				CE90795C28D0A94100DDD51F /* Products */,
			);
			sourceTree = "<group>";
		};
		CE90795C28D0A94100DDD51F /* Products */ = {
			isa = PBXGroup;
			children = (
				CE90795B28D0A94100DDD51F /* DataSaving Practice.app */,
			);
			name = Products;
			sourceTree = "<group>";
		};
		CE90795D28D0A94100DDD51F /* DataSaving Practice */ = {
			isa = PBXGroup;
			children = (
				CE04127F28D216850042ECB5 /* Models */,
				CE04128028D2168C0042ECB5 /* Views */,
				CE04128128D2169A0042ECB5 /* Controllers */,
				CE90795E28D0A94100DDD51F /* AppDelegate.swift */,
				CE90796028D0A94100DDD51F /* SceneDelegate.swift */,
				CE90796728D0A94300DDD51F /* Assets.xcassets */,
				CE90796928D0A94300DDD51F /* LaunchScreen.storyboard */,
				CE90796C28D0A94300DDD51F /* Info.plist */,
			);
			path = "DataSaving Practice";
			sourceTree = "<group>";
		};
/* End PBXGroup section */

/* Begin PBXNativeTarget section */
		CE90795A28D0A94100DDD51F /* DataSaving Practice */ = {
			isa = PBXNativeTarget;
			buildConfigurationList = CE90796F28D0A94300DDD51F /* Build configuration list for PBXNativeTarget "DataSaving Practice" */;
			buildPhases = (
				CE90795728D0A94100DDD51F /* Sources */,
				CE90795828D0A94100DDD51F /* Frameworks */,
				CE90795928D0A94100DDD51F /* Resources */,
			);
			buildRules = (
			);
			dependencies = (
			);
			name = "DataSaving Practice";
			productName = "DataSaving Practice";
			productReference = CE90795B28D0A94100DDD51F /* DataSaving Practice.app */;
			productType = "com.apple.product-type.application";
		};
/* End PBXNativeTarget section */

/* Begin PBXProject section */
		CE90795328D0A94100DDD51F /* Project object */ = {
			isa = PBXProject;
			attributes = {
				BuildIndependentTargetsInParallel = 1;
				LastSwiftUpdateCheck = 1400;
				LastUpgradeCheck = 1400;
				TargetAttributes = {
					CE90795A28D0A94100DDD51F = {
						CreatedOnToolsVersion = 14.0;
					};
				};
			};
			buildConfigurationList = CE90795628D0A94100DDD51F /* Build configuration list for PBXProject "DataSaving Practice" */;
			compatibilityVersion = "Xcode 14.0";
			developmentRegion = en;
			hasScannedForEncodings = 0;
			knownRegions = (
				en,
				Base,
			);
			mainGroup = CE90795228D0A94100DDD51F;
			productRefGroup = CE90795C28D0A94100DDD51F /* Products */;
			projectDirPath = "";
			projectRoot = "";
			targets = (
				CE90795A28D0A94100DDD51F /* DataSaving Practice */,
			);
		};
/* End PBXProject section */

/* Begin PBXResourcesBuildPhase section */
		CE90795928D0A94100DDD51F /* Resources */ = {
			isa = PBXResourcesBuildPhase;
			buildActionMask = 2147483647;
			files = (
				CE90796B28D0A94300DDD51F /* LaunchScreen.storyboard in Resources */,
				CE90796828D0A94300DDD51F /* Assets.xcassets in Resources */,
				CE90796628D0A94100DDD51F /* Main.storyboard in Resources */,
			);
			runOnlyForDeploymentPostprocessing = 0;
		};
/* End PBXResourcesBuildPhase section */

/* Begin PBXSourcesBuildPhase section */
		CE90795728D0A94100DDD51F /* Sources */ = {
			isa = PBXSourcesBuildPhase;
			buildActionMask = 2147483647;
			files = (
				CE04128328D216D60042ECB5 /* GlobalVariables.swift in Sources */,
				CE176A3028D11CA900476609 /* AlertFunction.swift in Sources */,
				CE90796328D0A94100DDD51F /* MainViewController.swift in Sources */,
				CE90795F28D0A94100DDD51F /* AppDelegate.swift in Sources */,
				CE90796128D0A94100DDD51F /* SceneDelegate.swift in Sources */,
			);
			runOnlyForDeploymentPostprocessing = 0;
		};
/* End PBXSourcesBuildPhase section */

/* Begin PBXVariantGroup section */
		CE90796428D0A94100DDD51F /* Main.storyboard */ = {
			isa = PBXVariantGroup;
			children = (
				CE90796528D0A94100DDD51F /* Base */,
			);
			name = Main.storyboard;
			sourceTree = "<group>";
		};
		CE90796928D0A94300DDD51F /* LaunchScreen.storyboard */ = {
			isa = PBXVariantGroup;
			children = (
				CE90796A28D0A94300DDD51F /* Base */,
			);
			name = LaunchScreen.storyboard;
			sourceTree = "<group>";
		};
/* End PBXVariantGroup section */

/* Begin XCBuildConfiguration section */
		CE90796D28D0A94300DDD51F /* Debug */ = {
			isa = XCBuildConfiguration;
			buildSettings = {
				ALWAYS_SEARCH_USER_PATHS = NO;
				CLANG_ANALYZER_NONNULL = YES;
				CLANG_ANALYZER_NUMBER_OBJECT_CONVERSION = YES_AGGRESSIVE;
				CLANG_CXX_LANGUAGE_STANDARD = "gnu++20";
				CLANG_ENABLE_MODULES = YES;
				CLANG_ENABLE_OBJC_ARC = YES;
				CLANG_ENABLE_OBJC_WEAK = YES;
				CLANG_WARN_BLOCK_CAPTURE_AUTORELEASING = YES;
				CLANG_WARN_BOOL_CONVERSION = YES;
				CLANG_WARN_COMMA = YES;
				CLANG_WARN_CONSTANT_CONVERSION = YES;
				CLANG_WARN_DEPRECATED_OBJC_IMPLEMENTATIONS = YES;
				CLANG_WARN_DIRECT_OBJC_ISA_USAGE = YES_ERROR;
				CLANG_WARN_DOCUMENTATION_COMMENTS = YES;
				CLANG_WARN_EMPTY_BODY = YES;
				CLANG_WARN_ENUM_CONVERSION = YES;
				CLANG_WARN_INFINITE_RECURSION = YES;
				CLANG_WARN_INT_CONVERSION = YES;
				CLANG_WARN_NON_LITERAL_NULL_CONVERSION = YES;
				CLANG_WARN_OBJC_IMPLICIT_RETAIN_SELF = YES;
				CLANG_WARN_OBJC_LITERAL_CONVERSION = YES;
				CLANG_WARN_OBJC_ROOT_CLASS = YES_ERROR;
				CLANG_WARN_QUOTED_INCLUDE_IN_FRAMEWORK_HEADER = YES;
				CLANG_WARN_RANGE_LOOP_ANALYSIS = YES;
				CLANG_WARN_STRICT_PROTOTYPES = YES;
				CLANG_WARN_SUSPICIOUS_MOVE = YES;
				CLANG_WARN_UNGUARDED_AVAILABILITY = YES_AGGRESSIVE;
				CLANG_WARN_UNREACHABLE_CODE = YES;
				CLANG_WARN__DUPLICATE_METHOD_MATCH = YES;
				COPY_PHASE_STRIP = NO;
				DEBUG_INFORMATION_FORMAT = dwarf;
				ENABLE_STRICT_OBJC_MSGSEND = YES;
				ENABLE_TESTABILITY = YES;
				GCC_C_LANGUAGE_STANDARD = gnu11;
				GCC_DYNAMIC_NO_PIC = NO;
				GCC_NO_COMMON_BLOCKS = YES;
				GCC_OPTIMIZATION_LEVEL = 0;
				GCC_PREPROCESSOR_DEFINITIONS = (
					"DEBUG=1",
					"$(inherited)",
				);
				GCC_WARN_64_TO_32_BIT_CONVERSION = YES;
				GCC_WARN_ABOUT_RETURN_TYPE = YES_ERROR;
				GCC_WARN_UNDECLARED_SELECTOR = YES;
				GCC_WARN_UNINITIALIZED_AUTOS = YES_AGGRESSIVE;
				GCC_WARN_UNUSED_FUNCTION = YES;
				GCC_WARN_UNUSED_VARIABLE = YES;
				IPHONEOS_DEPLOYMENT_TARGET = 16.0;
				MTL_ENABLE_DEBUG_INFO = INCLUDE_SOURCE;
				MTL_FAST_MATH = YES;
				ONLY_ACTIVE_ARCH = YES;
				SDKROOT = iphoneos;
				SWIFT_ACTIVE_COMPILATION_CONDITIONS = DEBUG;
				SWIFT_OPTIMIZATION_LEVEL = "-Onone";
			};
			name = Debug;
		};
		CE90796E28D0A94300DDD51F /* Release */ = {
			isa = XCBuildConfiguration;
			buildSettings = {
				ALWAYS_SEARCH_USER_PATHS = NO;
				CLANG_ANALYZER_NONNULL = YES;
				CLANG_ANALYZER_NUMBER_OBJECT_CONVERSION = YES_AGGRESSIVE;
				CLANG_CXX_LANGUAGE_STANDARD = "gnu++20";
				CLANG_ENABLE_MODULES = YES;
				CLANG_ENABLE_OBJC_ARC = YES;
				CLANG_ENABLE_OBJC_WEAK = YES;
				CLANG_WARN_BLOCK_CAPTURE_AUTORELEASING = YES;
				CLANG_WARN_BOOL_CONVERSION = YES;
				CLANG_WARN_COMMA = YES;
				CLANG_WARN_CONSTANT_CONVERSION = YES;
				CLANG_WARN_DEPRECATED_OBJC_IMPLEMENTATIONS = YES;
				CLANG_WARN_DIRECT_OBJC_ISA_USAGE = YES_ERROR;
				CLANG_WARN_DOCUMENTATION_COMMENTS = YES;
				CLANG_WARN_EMPTY_BODY = YES;
				CLANG_WARN_ENUM_CONVERSION = YES;
				CLANG_WARN_INFINITE_RECURSION = YES;
				CLANG_WARN_INT_CONVERSION = YES;
				CLANG_WARN_NON_LITERAL_NULL_CONVERSION = YES;
				CLANG_WARN_OBJC_IMPLICIT_RETAIN_SELF = YES;
				CLANG_WARN_OBJC_LITERAL_CONVERSION = YES;
				CLANG_WARN_OBJC_ROOT_CLASS = YES_ERROR;
				CLANG_WARN_QUOTED_INCLUDE_IN_FRAMEWORK_HEADER = YES;
				CLANG_WARN_RANGE_LOOP_ANALYSIS = YES;
				CLANG_WARN_STRICT_PROTOTYPES = YES;
				CLANG_WARN_SUSPICIOUS_MOVE = YES;
				CLANG_WARN_UNGUARDED_AVAILABILITY = YES_AGGRESSIVE;
				CLANG_WARN_UNREACHABLE_CODE = YES;
				CLANG_WARN__DUPLICATE_METHOD_MATCH = YES;
				COPY_PHASE_STRIP = NO;
				DEBUG_INFORMATION_FORMAT = "dwarf-with-dsym";
				ENABLE_NS_ASSERTIONS = NO;
				ENABLE_STRICT_OBJC_MSGSEND = YES;
				GCC_C_LANGUAGE_STANDARD = gnu11;
				GCC_NO_COMMON_BLOCKS = YES;
				GCC_WARN_64_TO_32_BIT_CONVERSION = YES;
				GCC_WARN_ABOUT_RETURN_TYPE = YES_ERROR;
				GCC_WARN_UNDECLARED_SELECTOR = YES;
				GCC_WARN_UNINITIALIZED_AUTOS = YES_AGGRESSIVE;
				GCC_WARN_UNUSED_FUNCTION = YES;
				GCC_WARN_UNUSED_VARIABLE = YES;
				IPHONEOS_DEPLOYMENT_TARGET = 16.0;
				MTL_ENABLE_DEBUG_INFO = NO;
				MTL_FAST_MATH = YES;
				SDKROOT = iphoneos;
				SWIFT_COMPILATION_MODE = wholemodule;
				SWIFT_OPTIMIZATION_LEVEL = "-O";
				VALIDATE_PRODUCT = YES;
			};
			name = Release;
		};
		CE90797028D0A94300DDD51F /* Debug */ = {
			isa = XCBuildConfiguration;
			buildSettings = {
				ASSETCATALOG_COMPILER_APPICON_NAME = AppIcon;
				ASSETCATALOG_COMPILER_GLOBAL_ACCENT_COLOR_NAME = AccentColor;
				CODE_SIGN_STYLE = Automatic;
				CURRENT_PROJECT_VERSION = 1;
				DEVELOPMENT_TEAM = T999GJYMD3;
				GENERATE_INFOPLIST_FILE = YES;
				INFOPLIST_FILE = "DataSaving Practice/Info.plist";
				INFOPLIST_KEY_UIApplicationSupportsIndirectInputEvents = YES;
				INFOPLIST_KEY_UILaunchStoryboardName = Main.storyboard;
				INFOPLIST_KEY_UIMainStoryboardFile = Main;
				INFOPLIST_KEY_UISupportedInterfaceOrientations_iPad = "UIInterfaceOrientationPortrait UIInterfaceOrientationPortraitUpsideDown UIInterfaceOrientationLandscapeLeft UIInterfaceOrientationLandscapeRight";
				INFOPLIST_KEY_UISupportedInterfaceOrientations_iPhone = "UIInterfaceOrientationPortrait UIInterfaceOrientationLandscapeLeft UIInterfaceOrientationLandscapeRight";
				IPHONEOS_DEPLOYMENT_TARGET = 15.5;
				LD_RUNPATH_SEARCH_PATHS = (
					"$(inherited)",
					"@executable_path/Frameworks",
				);
				MARKETING_VERSION = 1.0;
				PRODUCT_BUNDLE_IDENTIFIER = "com.example.DataSaving-Practice";
				PRODUCT_NAME = "$(TARGET_NAME)";
				SWIFT_EMIT_LOC_STRINGS = YES;
				SWIFT_VERSION = 5.0;
				TARGETED_DEVICE_FAMILY = "1,2";
			};
			name = Debug;
		};
		CE90797128D0A94300DDD51F /* Release */ = {
			isa = XCBuildConfiguration;
			buildSettings = {
				ASSETCATALOG_COMPILER_APPICON_NAME = AppIcon;
				ASSETCATALOG_COMPILER_GLOBAL_ACCENT_COLOR_NAME = AccentColor;
				CODE_SIGN_STYLE = Automatic;
				CURRENT_PROJECT_VERSION = 1;
				DEVELOPMENT_TEAM = T999GJYMD3;
				GENERATE_INFOPLIST_FILE = YES;
				INFOPLIST_FILE = "DataSaving Practice/Info.plist";
				INFOPLIST_KEY_UIApplicationSupportsIndirectInputEvents = YES;
				INFOPLIST_KEY_UILaunchStoryboardName = Main.storyboard;
				INFOPLIST_KEY_UIMainStoryboardFile = Main;
				INFOPLIST_KEY_UISupportedInterfaceOrientations_iPad = "UIInterfaceOrientationPortrait UIInterfaceOrientationPortraitUpsideDown UIInterfaceOrientationLandscapeLeft UIInterfaceOrientationLandscapeRight";
				INFOPLIST_KEY_UISupportedInterfaceOrientations_iPhone = "UIInterfaceOrientationPortrait UIInterfaceOrientationLandscapeLeft UIInterfaceOrientationLandscapeRight";
				IPHONEOS_DEPLOYMENT_TARGET = 15.5;
				LD_RUNPATH_SEARCH_PATHS = (
					"$(inherited)",
					"@executable_path/Frameworks",
				);
				MARKETING_VERSION = 1.0;
				PRODUCT_BUNDLE_IDENTIFIER = "com.example.DataSaving-Practice";
				PRODUCT_NAME = "$(TARGET_NAME)";
				SWIFT_EMIT_LOC_STRINGS = YES;
				SWIFT_VERSION = 5.0;
				TARGETED_DEVICE_FAMILY = "1,2";
			};
			name = Release;
		};
/* End XCBuildConfiguration section */

/* Begin XCConfigurationList section */
		CE90795628D0A94100DDD51F /* Build configuration list for PBXProject "DataSaving Practice" */ = {
			isa = XCConfigurationList;
			buildConfigurations = (
				CE90796D28D0A94300DDD51F /* Debug */,
				CE90796E28D0A94300DDD51F /* Release */,
			);
			defaultConfigurationIsVisible = 0;
			defaultConfigurationName = Release;
		};
		CE90796F28D0A94300DDD51F /* Build configuration list for PBXNativeTarget "DataSaving Practice" */ = {
			isa = XCConfigurationList;
			buildConfigurations = (
				CE90797028D0A94300DDD51F /* Debug */,
				CE90797128D0A94300DDD51F /* Release */,
			);
			defaultConfigurationIsVisible = 0;
			defaultConfigurationName = Release;
		};
/* End XCConfigurationList section */
	};
	rootObject = CE90795328D0A94100DDD51F /* Project object */;
}
